{
    "hash": "a39d7e3a308587adc04a0667c86972e8",
    "packages": [
        {
            "name": "dflydev/markdown",
            "version": "v1.0.2",
            "source": {
                "type": "git",
                "url": "https://github.com/dflydev/dflydev-markdown.git",
                "reference": "v1.0.2"
            },
            "dist": {
                "type": "zip",
                "url": "https://github.com/dflydev/dflydev-markdown/zipball/v1.0.2",
                "reference": "v1.0.2",
                "shasum": ""
            },
            "require": {
                "php": ">=5.3"
            },
            "time": "2012-01-16 00:36:37",
            "type": "library",
            "installation-source": "dist",
            "autoload": {
                "psr-0": {
                    "dflydev\\markdown": "src"
                }
            },
            "license": [
                "New BSD License"
            ],
            "authors": [
                {
                    "name": "Dragonfly Development Inc.",
                    "email": "info@dflydev.com",
                    "homepage": "http://dflydev.com"
                },
                {
                    "name": "Beau Simensen",
                    "email": "beau@dflydev.com",
                    "homepage": "http://beausimensen.com"
                },
                {
                    "name": "Michel Fortin",
                    "homepage": "http://michelf.com"
                },
                {
                    "name": "John Gruber",
                    "homepage": "http://daringfireball.net"
                }
            ],
            "description": "PHP Markdown & Extra",
            "homepage": "http://github.com/dflydev/dflydev-markdown",
            "keywords": [
                "markdown"
            ]
        },
        {
            "name": "symfony/console",
            "version": "v2.1.2",
            "target-dir": "Symfony/Component/Console",
            "source": {
                "type": "git",
                "url": "https://github.com/symfony/Console",
                "reference": "v2.1.0-RC2"
            },
            "dist": {
                "type": "zip",
                "url": "https://github.com/symfony/Console/zipball/v2.1.0-RC2",
                "reference": "v2.1.0-RC2",
                "shasum": ""
            },
            "require": {
                "php": ">=5.3.3"
            },
            "time": "2012-08-22 13:48:41",
            "type": "library",
            "extra": {
                "branch-alias": {
                    "dev-master": "2.1-dev"
                }
            },
            "installation-source": "dist",
            "autoload": {
                "psr-0": {
                    "Symfony\\Component\\Console": ""
                }
            },
            "license": [
                "MIT"
            ],
            "authors": [
                {
                    "name": "Fabien Potencier",
                    "email": "fabien@symfony.com"
                },
                {
                    "name": "Symfony Community",
                    "homepage": "http://symfony.com/contributors"
                }
            ],
            "description": "Symfony Console Component",
            "homepage": "http://symfony.com"
        },
        {
            "name": "symfony/filesystem",
            "version": "v2.1.2",
            "target-dir": "Symfony/Component/Filesystem",
            "source": {
                "type": "git",
                "url": "https://github.com/symfony/Filesystem",
                "reference": "v2.1.0-RC2"
            },
            "dist": {
                "type": "zip",
                "url": "https://github.com/symfony/Filesystem/zipball/v2.1.0-RC2",
                "reference": "v2.1.0-RC2",
                "shasum": ""
            },
            "require": {
                "php": ">=5.3.3"
            },
            "time": "2012-08-22 13:48:41",
            "type": "library",
            "extra": {
                "branch-alias": {
                    "dev-master": "2.1-dev"
                }
            },
            "installation-source": "dist",
            "autoload": {
                "psr-0": {
                    "Symfony\\Component\\Filesystem": ""
                }
            },
            "license": [
                "MIT"
            ],
            "authors": [
                {
                    "name": "Fabien Potencier",
                    "email": "fabien@symfony.com"
                },
                {
                    "name": "Symfony Community",
                    "homepage": "http://symfony.com/contributors"
                }
            ],
            "description": "Symfony Filesystem Component",
            "homepage": "http://symfony.com"
        },
        {
            "name": "symfony/yaml",
            "version": "v2.1.2",
            "target-dir": "Symfony/Component/Yaml",
            "source": {
                "type": "git",
                "url": "https://github.com/symfony/Yaml",
                "reference": "v2.1.0-RC2"
            },
            "dist": {
                "type": "zip",
                "url": "https://github.com/symfony/Yaml/zipball/v2.1.0-RC2",
                "reference": "v2.1.0-RC2",
                "shasum": ""
            },
            "require": {
                "php": ">=5.3.3"
            },
            "time": "2012-08-22 13:48:41",
            "type": "library",
            "extra": {
                "branch-alias": {
                    "dev-master": "2.1-dev"
                }
            },
            "installation-source": "dist",
            "autoload": {
                "psr-0": {
                    "Symfony\\Component\\Yaml": ""
                }
            },
            "license": [
                "MIT"
            ],
            "authors": [
                {
                    "name": "Fabien Potencier",
                    "email": "fabien@symfony.com"
                },
                {
                    "name": "Symfony Community",
                    "homepage": "http://symfony.com/contributors"
                }
            ],
            "description": "Symfony Yaml Component",
            "homepage": "http://symfony.com"
        },
        {
            "name": "twig/twig",
            "version": "v1.9.2",
            "source": {
                "type": "git",
                "url": "git://github.com/fabpot/Twig.git",
                "reference": "v1.9.2"
            },
            "dist": {
                "type": "zip",
                "url": "https://github.com/fabpot/Twig/zipball/v1.9.2",
                "reference": "v1.9.2",
                "shasum": ""
            },
            "require": {
                "php": ">=5.2.4"
            },
            "time": "2012-08-25 09:32:57",
            "type": "library",
            "extra": {
                "branch-alias": {
                    "dev-master": "1.9-dev"
                }
            },
            "installation-source": "dist",
            "autoload": {
                "psr-0": {
                    "Twig_": "lib/"
                }
            },
            "license": [
                "BSD-3"
            ],
            "authors": [
                {
                    "name": "Fabien Potencier",
                    "email": "fabien@symfony.com"
                },
                {
                    "name": "Armin Ronacher",
                    "email": "armin.ronacher@active-4.com"
                }
            ],
            "description": "Twig, the flexible, fast, and secure template language for PHP",
            "homepage": "http://twig.sensiolabs.org",
            "keywords": [
                "templating"
            ]
        }
    ],
    "packages-dev": null,
    "aliases": [

    ],
    "minimum-stability": "stable",
    "stability-flags": [

    ]
}
